
Microsoft Visual Studio Solution File, Format Version 12.00
# Visual Studio Version 17
VisualStudioVersion = 17.9.34714.143
MinimumVisualStudioVersion = 10.0.40219.1
Project("{888888A0-9F3D-457C-B088-3A5042F75D52}") = "Asset_Manager_Project", "Asset_Manager_Project\Asset_Manager_Project.pyproj", "{5A384F8A-3DF5-4351-9873-D3C414432FE4}"
EndProject
Global
	GlobalSection(SolutionConfigurationPlatforms) = preSolution
		Debug|Any CPU = Debug|Any CPU
		Release|Any CPU = Release|Any CPU
	EndGlobalSection
	GlobalSection(ProjectConfigurationPlatforms) = postSolution
		{5A384F8A-3DF5-4351-9873-D3C414432FE4}.Debug|Any CPU.ActiveCfg = Debug|Any CPU
		{5A384F8A-3DF5-4351-9873-D3C414432FE4}.Debug|Any CPU.Build.0 = Debug|Any CPU
		{5A384F8A-3DF5-4351-9873-D3C414432FE4}.Release|Any CPU.ActiveCfg = Release|Any CPU
		{5A384F8A-3DF5-4351-9873-D3C414432FE4}.Release|Any CPU.Build.0 = Release|Any CPU
	EndGlobalSection
	GlobalSection(SolutionProperties) = preSolution
		HideSolutionNode = FALSE
	EndGlobalSection
	GlobalSection(ExtensibilityGlobals) = postSolution
		SolutionGuid = {9137B941-4318-44EA-B4F0-738FC480A1DB}
	EndGlobalSection
EndGlobal
